<?xml version="1.0" encoding="utf-8"?>
<Project ToolsVersion="4.0" xmlns="http://schemas.microsoft.com/developer/msbuild/2003">
  <ItemGroup>
    <Filter Include="Assets">
      <UniqueIdentifier>{a2d7f3d1-9b0c-4a7e-8f11-2c6d9e4b1a01}</UniqueIdentifier>
    </Filter>
  </ItemGroup>
  <ItemGroup>
    <ClInclude Include="pch.h" />
    <ClInclude Include="App.xaml.h">
      <DependentUpon>App.xaml</DependentUpon>
    </ClInclude>
    <ClInclude Include="MainWindow.xaml.h">
      <DependentUpon>MainWindow.xaml</DependentUpon>
    </ClInclude>
    <ClInclude Include="DrawingContext.h" />
    <ClInclude Include="Pen.h" />
    <ClInclude Include="Eraser.h" />
    <ClInclude Include="Fill.h" />
    <ClInclude Include="Eyedropper.h" />
    <ClInclude Include="LineTool.h" />
    <ClInclude Include="RectangleTool.h" />
    <ClInclude Include="EllipseTool.h" />
  </ItemGroup>
  <ItemGroup>
    <ClCompile Include="pch.cpp" />
    <ClCompile Include="App.xaml.cpp">
      <DependentUpon>App.xaml</DependentUpon>
    </ClCompile>
    <ClCompile Include="MainWindow.xaml.cpp">
      <DependentUpon>MainWindow.xaml</DependentUpon>
    </ClCompile>
    <ClCompile Include="DrawingContext.cpp" />
    <ClCompile Include="Pen.cpp" />
    <ClCompile Include="Eraser.cpp" />
    <ClCompile Include="Fill.cpp" />
    <ClCompile Include="Eyedropper.cpp" />
    <ClCompile Include="LineTool.cpp" />
    <ClCompile Include="RectangleTool.cpp" />
    <ClCompile Include="EllipseTool.cpp" />
  </ItemGroup>
  <ItemGroup>
    <Midl Include="Editor.idl" />
    <Midl Include="MainWindow.idl" />
  </ItemGroup>
  <ItemGroup>
    <ApplicationDefinition Include="App.xaml" />
    <Page Include="MainWindow.xaml" />
  </ItemGroup>
  <ItemGroup>
    <Manifest Include="app.manifest" />
  </ItemGroup>
  <ItemGroup>
    <AppxManifest Include="Package.appxmanifest" />
  </ItemGroup>
  <ItemGroup>
    <None Include="packages.config" />
  </ItemGroup>
  <ItemGroup>
    <Image Include="Assets\LockScreenLogo.scale-200.png">
      <Filter>Assets</Filter>
    </Image>
    <Image Include="Assets\SplashScreen.scale-200.png">
      <Filter>Assets</Filter>
    </Image>
    <Image Include="Assets\Square150x150Logo.scale-200.png">
      <Filter>Assets</Filter>
    </Image>
    <Image Include="Assets\Square44x44Logo.scale-200.png">
      <Filter>Assets</Filter>
    </Image>
    <Image Include="Assets\Square44x44Logo.targetsize-24_altform-unplated.png">
      <Filter>Assets</Filter>
    </Image>
    <Image Include="Assets\StoreLogo.png">
      <Filter>Assets</Filter>
    </Image>
    <Image Include="Assets\Wide310x150Logo.scale-200.png">
      <Filter>Assets</Filter>
    </Image>
  </ItemGroup>
</Project>
